
Microsoft Visual Studio Solution File, Format Version 12.00
# Visual Studio Version 17
VisualStudioVersion = 17.14.36623.8
MinimumVisualStudioVersion = 10.0.40219.1
Project("{FAE04EC0-301F-11D3-BF4B-00C04F79EFBC}") = "File Structure Generator", "File Structure Generator.csproj", "{816725F5-5DCE-484D-B2E1-02491476F86A}"
EndProject
Global
	GlobalSection(SolutionConfigurationPlatforms) = preSolution
		Debug|Any CPU = Debug|Any CPU
		Release|Any CPU = Release|Any CPU
	EndGlobalSection
	GlobalSection(ProjectConfigurationPlatforms) = postSolution
		{816725F5-5DCE-484D-B2E1-02491476F86A}.Debug|Any CPU.ActiveCfg = Release|Any CPU
		{816725F5-5DCE-484D-B2E1-02491476F86A}.Debug|Any CPU.Build.0 = Release|Any CPU
		{816725F5-5DCE-484D-B2E1-02491476F86A}.Release|Any CPU.ActiveCfg = Release|Any CPU
		{816725F5-5DCE-484D-B2E1-02491476F86A}.Release|Any CPU.Build.0 = Release|Any CPU
	EndGlobalSection
	GlobalSection(SolutionProperties) = preSolution
		HideSolutionNode = FALSE
	EndGlobalSection
	GlobalSection(ExtensibilityGlobals) = postSolution
		SolutionGuid = {1B552D62-369D-4923-B86C-4C6C165064A9}
	EndGlobalSection
EndGlobal
